
Microsoft Visual Studio Solution File, Format Version 12.00
# Visual Studio Version 17
VisualStudioVersion = 17.10.35027.167
MinimumVisualStudioVersion = 10.0.40219.1
Project("{FAE04EC0-301F-11D3-BF4B-00C04F79EFBC}") = "back", "back\back.csproj", "{3617D805-9A76-42FC-AEC6-E6A8F7A4CABC}"
EndProject
Global
	GlobalSection(SolutionConfigurationPlatforms) = preSolution
		Debug|Any CPU = Debug|Any CPU
		Release|Any CPU = Release|Any CPU
	EndGlobalSection
	GlobalSection(ProjectConfigurationPlatforms) = postSolution
		{3617D805-9A76-42FC-AEC6-E6A8F7A4CABC}.Debug|Any CPU.ActiveCfg = Debug|Any CPU
		{3617D805-9A76-42FC-AEC6-E6A8F7A4CABC}.Debug|Any CPU.Build.0 = Debug|Any CPU
		{3617D805-9A76-42FC-AEC6-E6A8F7A4CABC}.Release|Any CPU.ActiveCfg = Release|Any CPU
		{3617D805-9A76-42FC-AEC6-E6A8F7A4CABC}.Release|Any CPU.Build.0 = Release|Any CPU
	EndGlobalSection
	GlobalSection(SolutionProperties) = preSolution
		HideSolutionNode = FALSE
	EndGlobalSection
	GlobalSection(ExtensibilityGlobals) = postSolution
		SolutionGuid = {85762BD1-6C51-402E-AB20-BB5087B6A9D6}
	EndGlobalSection
EndGlobal
